# This file was autogenerated by uv via the following command:
#    uv pip compile pyproject.toml -c requirements.lock -o requirements.lock --python-version 3.12 --universal
annotated-doc==0.0.4
    # via
    #   fastapi
annotated-types==0.8.0
    # via
    #   pydantic
antlr4-python3-runtime==4.9.3
    # via
    #   omegaconf
anyio==4.14.2
    # via
    #   starlette
    #   watchfiles
certifi==2026.7.22
    # via
    #   requests
cffi==2.1.1 ; platform_python_implementation != 'PyPy'
    # via
    #   cryptography
charset-normalizer==3.4.9
    # via
    #   requests
click==8.4.2
    # via
    #   india-document-ocr (pyproject.toml)
    #   uvicorn
colorama==0.4.6 ; sys_platform == 'win32'
    # via
    #   click
    #   colorlog
    #   tqdm
colorlog==6.12.0
    # via
    #   rapidocr
cryptography==50.0.1
    # via
    #   india-document-ocr (pyproject.toml)
fastapi==0.140.0
    # via
    #   india-document-ocr (pyproject.toml)
flatbuffers==25.12.19
    # via
    #   onnxruntime
h11==0.16.0
    # via
    #   uvicorn
httptools==0.8.0
    # via
    #   uvicorn
idna==3.18
    # via
    #   india-document-ocr (pyproject.toml)
    #   anyio
    #   requests
numpy==2.5.1
    # via
    #   india-document-ocr (pyproject.toml)
    #   onnxruntime
    #   opencv-python
    #   rapidocr
    #   shapely
omegaconf==2.3.1
    # via
    #   rapidocr
onnxruntime==1.28.0
    # via
    #   india-document-ocr (pyproject.toml)
opencv-python==4.13.0.92
    # via
    #   india-document-ocr (pyproject.toml)
    #   rapidocr
packaging==26.2
    # via
    #   onnxruntime
pillow==12.3.0
    # via
    #   india-document-ocr (pyproject.toml)
    #   pillow-heif
    #   rapidocr
pillow-heif==1.5.0
    # via
    #   india-document-ocr (pyproject.toml)
protobuf==7.35.1
    # via
    #   onnxruntime
pyclipper==1.4.0
    # via
    #   rapidocr
pycountry==26.2.16
    # via
    #   india-document-ocr (pyproject.toml)
pycparser==3.0 ; implementation_name != 'PyPy' and platform_python_implementation != 'PyPy'
    # via
    #   cffi
pydantic==2.13.4
    # via
    #   fastapi
pydantic-core==2.46.4
    # via
    #   pydantic
pypdfium2==5.12.1
    # via
    #   india-document-ocr (pyproject.toml)
python-dotenv==1.2.2
    # via
    #   uvicorn
python-multipart==0.0.32
    # via
    #   india-document-ocr (pyproject.toml)
pyyaml==6.0.3
    # via
    #   omegaconf
    #   rapidocr
    #   uvicorn
rapidfuzz==3.14.5
    # via
    #   india-document-ocr (pyproject.toml)
rapidocr==3.9.2
    # via
    #   india-document-ocr (pyproject.toml)
requests==2.34.2
    # via
    #   india-document-ocr (pyproject.toml)
    #   rapidocr
shapely==2.1.2
    # via
    #   rapidocr
six==1.17.0
    # via
    #   rapidocr
starlette==1.3.1
    # via
    #   india-document-ocr (pyproject.toml)
    #   fastapi
tqdm==4.69.1
    # via
    #   rapidocr
typing-extensions==4.16.0
    # via
    #   anyio
    #   fastapi
    #   pydantic
    #   pydantic-core
    #   starlette
    #   typing-inspection
typing-inspection==0.4.2
    # via
    #   fastapi
    #   pydantic
urllib3==2.7.0
    # via
    #   india-document-ocr (pyproject.toml)
    #   requests
uvicorn==0.51.0
    # via
    #   india-document-ocr (pyproject.toml)
uvloop==0.22.1 ; platform_python_implementation != 'PyPy' and sys_platform != 'cygwin' and sys_platform != 'win32'
    # via
    #   uvicorn
watchfiles==1.2.0
    # via
    #   uvicorn
websockets==16.1.1
    # via
    #   uvicorn
zxing-cpp==3.1.1
    # via
    #   india-document-ocr (pyproject.toml)
